
Microsoft Visual Studio Solution File, Format Version 12.00
# Visual Studio Version 16
VisualStudioVersion = 16.0.30204.135
MinimumVisualStudioVersion = 10.0.40219.1
Project("{FAE04EC0-301F-11D3-BF4B-00C04F79EFBC}") = "Prueba", "Prueba.csproj", "{8CD4C037-E06D-4139-AAAB-2E16D6AEDCCF}"
EndProject
Global
	GlobalSection(SolutionConfigurationPlatforms) = preSolution
		Debug|Any CPU = Debug|Any CPU
		Release|Any CPU = Release|Any CPU
	EndGlobalSection
	GlobalSection(ProjectConfigurationPlatforms) = postSolution
		{8CD4C037-E06D-4139-AAAB-2E16D6AEDCCF}.Debug|Any CPU.ActiveCfg = Debug|Any CPU
		{8CD4C037-E06D-4139-AAAB-2E16D6AEDCCF}.Debug|Any CPU.Build.0 = Debug|Any CPU
		{8CD4C037-E06D-4139-AAAB-2E16D6AEDCCF}.Release|Any CPU.ActiveCfg = Release|Any CPU
		{8CD4C037-E06D-4139-AAAB-2E16D6AEDCCF}.Release|Any CPU.Build.0 = Release|Any CPU
	EndGlobalSection
	GlobalSection(SolutionProperties) = preSolution
		HideSolutionNode = FALSE
	EndGlobalSection
	GlobalSection(ExtensibilityGlobals) = postSolution
		SolutionGuid = {A34CE8BD-BABC-418E-A946-1BB25D094B8C}
	EndGlobalSection
EndGlobal
